
Microsoft Visual Studio Solution File, Format Version 12.00
# Visual Studio Version 17
VisualStudioVersion = 17.5.002.0
MinimumVisualStudioVersion = 10.0.40219.1
Project("{9A19103F-16F7-4668-BE54-9A1E7A4F7556}") = "TwitchDownloaderWebAPI", "TwitchDownloaderWebAPI.csproj", "{291D185C-C07D-4D0E-9F96-F5E09688DFD9}"
EndProject
Global
	GlobalSection(SolutionConfigurationPlatforms) = preSolution
		Debug|Any CPU = Debug|Any CPU
		Release|Any CPU = Release|Any CPU
	EndGlobalSection
	GlobalSection(ProjectConfigurationPlatforms) = postSolution
		{291D185C-C07D-4D0E-9F96-F5E09688DFD9}.Debug|Any CPU.ActiveCfg = Debug|Any CPU
		{291D185C-C07D-4D0E-9F96-F5E09688DFD9}.Debug|Any CPU.Build.0 = Debug|Any CPU
		{291D185C-C07D-4D0E-9F96-F5E09688DFD9}.Release|Any CPU.ActiveCfg = Release|Any CPU
		{291D185C-C07D-4D0E-9F96-F5E09688DFD9}.Release|Any CPU.Build.0 = Release|Any CPU
	EndGlobalSection
	GlobalSection(SolutionProperties) = preSolution
		HideSolutionNode = FALSE
	EndGlobalSection
	GlobalSection(ExtensibilityGlobals) = postSolution
		SolutionGuid = {E5E80C9F-7E39-4FC5-A583-276A2255CC70}
	EndGlobalSection
EndGlobal
